{
  "nodes": {
    "nixpkgs": {
      "locked": {
        "lastModified": 1791456040,
        "narHash": "sha256-gRZ/s8WQJ2CsXdhcDVQH34qxuL0MuMCOs3aBiK1Prsw=",
        "rev": "e7439b6b14ad3cc35d05608ebca9bce01a25f5f8",
        "type": "tarball",
        "url": "https://releases.nixos.org/nixos/unstable/nixos-26.11pre1087755.e7439b6b14ad/nixexprs.tar.xz"
      },
      "original": {
        "type": "tarball",
        "url": "https://channels.nixos.org/nixos-unstable/nixexprs.tar.xz"
      }
    },
    "root": {
      "inputs": {
        "nixpkgs": "nixpkgs",
        "rust-overlay": "rust-overlay"
      }
    },
    "rust-overlay": {
      "inputs": {
        "nixpkgs": [
          "nixpkgs"
        ]
      },
      "locked": {
        "lastModified": 1791620365,
        "narHash": "sha256-CVZXIDNw7HEwyD8X6q9Ln370Sc0ZqRlTzDRwOZ1hJMY=",
        "ref": "refs/heads/master",
        "rev": "e90fafa71b440fabcd52dd7fb017ab2da81c781a",
        "shallow": true,
        "type": "git",
        "url": "https://github.com/oxalica/rust-overlay"
      },
      "original": {
        "shallow": true,
        "type": "git",
        "url": "https://github.com/oxalica/rust-overlay"
      }
    }
  },
  "root": "root",
  "version": 7
}
